{
  "originHash" : "f504a71994cb7e2d238319074824a98d485083d9ded125e5c480b4753e4ffa83",
  "pins" : [
    {
      "identity" : "libwebp-xcode",
      "kind" : "remoteSourceControl",
      "location" : "https://github.com/SDWebImage/libwebp-Xcode.git",
      "state" : {
        "revision" : "2b5256c29ff4e20f2a0d5ee863b62b1a22144434",
        "version" : "1.6.0"
      }
    },
    {
      "identity" : "swift-webp",
      "kind" : "remoteSourceControl",
      "location" : "https://github.com/ainame/Swift-WebP",
      "state" : {
        "revision" : "3f5895711566ee862e7cff7694867c6f77adf452",
        "version" : "0.5.0"
      }
    }
  ],
  "version" : 3
}
